# generated by rye
# use `rye lock` or `rye sync` to update this lockfile
#
# last locked with the following flags:
#   pre: false
#   features: []
#   all-features: false
#   with-sources: false

-e file:.
netlify-config-generator==0.1.2
    # via econfgen
pydantic==1.10.14
    # via econfgen
    # via netlify-config-generator
pyyaml==6.0.1
    # via econfgen
ruff==0.1.14
typing-extensions==4.9.0
    # via pydantic
